
Microsoft Visual Studio Solution File, Format Version 12.00
# Visual Studio Version 17
VisualStudioVersion = 17.2.32630.192
MinimumVisualStudioVersion = 10.0.40219.1
Project("{9A19103F-16F7-4668-BE54-9A1E7A4F7556}") = "R5T.F0090.Construction", "R5T.F0090.Construction\R5T.F0090.Construction.csproj", "{BAFDE769-EDD0-4F8F-BD54-9082CD8E9764}"
EndProject
Project("{9A19103F-16F7-4668-BE54-9A1E7A4F7556}") = "R5T.F0090", "R5T.F0090\R5T.F0090.csproj", "{CC6A9497-81CB-473E-80C9-3E5FCF37AD49}"
EndProject
Project("{2150E333-8FDC-42A3-9474-1A3956D46DE8}") = "_Dependencies", "_Dependencies", "{F47DE7AE-347F-41D8-9151-A7DF4E08C991}"
EndProject
Project("{9A19103F-16F7-4668-BE54-9A1E7A4F7556}") = "R5T.F0000", "..\..\R5T.F0000\source\R5T.F0000\R5T.F0000.csproj", "{F550A1A0-3690-4CDA-82C7-D416169B1144}"
EndProject
Project("{9A19103F-16F7-4668-BE54-9A1E7A4F7556}") = "R5T.F0002", "..\..\R5T.F0002\source\R5T.F0002\R5T.F0002.csproj", "{8F272B89-18E7-4250-89E9-90628C86B2DD}"
EndProject
Project("{9A19103F-16F7-4668-BE54-9A1E7A4F7556}") = "R5T.F0016.F001", "..\..\R5T.F0016\source\R5T.F0016.F001\R5T.F0016.F001.csproj", "{7708AA5B-3662-42C2-9F33-02B7291A0AF0}"
EndProject
Project("{9A19103F-16F7-4668-BE54-9A1E7A4F7556}") = "R5T.F0016", "..\..\R5T.F0016\source\R5T.F0016\R5T.F0016.csproj", "{5090FA90-79F4-4041-902E-457550C6EB56}"
EndProject
Project("{9A19103F-16F7-4668-BE54-9A1E7A4F7556}") = "R5T.F0020", "..\..\R5T.F0020\source\R5T.F0020\R5T.F0020.csproj", "{ED70A189-0FB8-46C9-96C1-C411DE820F6E}"
EndProject
Project("{9A19103F-16F7-4668-BE54-9A1E7A4F7556}") = "R5T.F0024.F001", "..\..\R5T.F0024\source\R5T.F0024.F001\R5T.F0024.F001.csproj", "{59B4994C-F5F2-48D1-9BDC-F7DC3B69B554}"
EndProject
Project("{9A19103F-16F7-4668-BE54-9A1E7A4F7556}") = "R5T.F0024.T001", "..\..\R5T.F0024\source\R5T.F0024.T001\R5T.F0024.T001.csproj", "{D37DED65-48D6-4D57-95F7-3789C612A4A2}"
EndProject
Project("{9A19103F-16F7-4668-BE54-9A1E7A4F7556}") = "R5T.F0024", "..\..\R5T.F0024\source\R5T.F0024\R5T.F0024.csproj", "{4978256A-1EA8-43D9-A7FD-26C56562CFE6}"
EndProject
Project("{9A19103F-16F7-4668-BE54-9A1E7A4F7556}") = "R5T.F0028", "..\..\R5T.F0028\source\R5T.F0028\R5T.F0028.csproj", "{E067917E-DEF7-4B62-8465-08DC6EBF9887}"
EndProject
Project("{9A19103F-16F7-4668-BE54-9A1E7A4F7556}") = "R5T.F0032", "..\..\R5T.F0032\source\R5T.F0032\R5T.F0032.csproj", "{2A49D3E5-6E66-4C2E-8469-8F58DB2ACC03}"
EndProject
Project("{9A19103F-16F7-4668-BE54-9A1E7A4F7556}") = "R5T.F0040.F000", "..\..\R5T.F0040\source\R5T.F0040.F000\R5T.F0040.F000.csproj", "{DE18D721-CE1E-40C4-A9C5-2F921D51895E}"
EndProject
Project("{9A19103F-16F7-4668-BE54-9A1E7A4F7556}") = "R5T.F0041", "..\..\R5T.F0041\source\R5T.F0041\R5T.F0041.csproj", "{F482BB2E-C192-4692-A2BF-4566DC63264B}"
EndProject
Project("{9A19103F-16F7-4668-BE54-9A1E7A4F7556}") = "R5T.F0042.F001", "..\..\R5T.F0042\source\R5T.F0042.F001\R5T.F0042.F001.csproj", "{7835D816-BCD3-4D6B-9F1A-85EDAD9C4634}"
EndProject
Project("{9A19103F-16F7-4668-BE54-9A1E7A4F7556}") = "R5T.F0042.F002", "..\..\R5T.F0042\source\R5T.F0042.F002\R5T.F0042.F002.csproj", "{81936A6B-4252-44E4-8D4D-3CED4CB1C117}"
EndProject
Project("{9A19103F-16F7-4668-BE54-9A1E7A4F7556}") = "R5T.F0044", "..\..\R5T.F0044\source\R5T.F0044\R5T.F0044.csproj", "{4E344A70-DC67-41F0-BB1D-1ECFD71CC272}"
EndProject
Project("{9A19103F-16F7-4668-BE54-9A1E7A4F7556}") = "R5T.F0046", "..\..\R5T.F0046\source\R5T.F0046\R5T.F0046.csproj", "{A39E82D2-C75A-4EC5-9814-73DDB11AF60B}"
EndProject
Project("{9A19103F-16F7-4668-BE54-9A1E7A4F7556}") = "R5T.F0047", "..\..\R5T.F0047\source\R5T.F0047\R5T.F0047.csproj", "{CA5DAA48-2460-43F6-A914-4C5C50942205}"
EndProject
Project("{9A19103F-16F7-4668-BE54-9A1E7A4F7556}") = "R5T.F0048", "..\..\R5T.F0048\source\R5T.F0048\R5T.F0048.csproj", "{39BE82D6-22F6-4B15-80F0-25A838AA7DBF}"
EndProject
Project("{9A19103F-16F7-4668-BE54-9A1E7A4F7556}") = "R5T.F0050", "..\..\R5T.F0050\source\R5T.F0050\R5T.F0050.csproj", "{02F8B13D-9DB5-4190-A9D7-E2F1CB0D6E49}"
EndProject
Project("{9A19103F-16F7-4668-BE54-9A1E7A4F7556}") = "R5T.F0052", "..\..\R5T.F0052\source\R5T.F0052\R5T.F0052.csproj", "{4ED7F864-B298-47D7-8487-11E12EDC8028}"
EndProject
Project("{9A19103F-16F7-4668-BE54-9A1E7A4F7556}") = "R5T.F0053", "..\..\R5T.F0053\source\R5T.F0053\R5T.F0053.csproj", "{36B7E138-1830-4E9C-98C5-DE466FE4AF9E}"
EndProject
Project("{9A19103F-16F7-4668-BE54-9A1E7A4F7556}") = "R5T.F0054", "..\..\R5T.F0054\source\R5T.F0054\R5T.F0054.csproj", "{C01EF34D-C40A-4E50-9696-916B0CAF9A75}"
EndProject
Project("{9A19103F-16F7-4668-BE54-9A1E7A4F7556}") = "R5T.F0055", "..\..\R5T.F0055\source\R5T.F0055\R5T.F0055.csproj", "{E71979B6-A7F8-4895-9092-21EAD8445F9F}"
EndProject
Project("{9A19103F-16F7-4668-BE54-9A1E7A4F7556}") = "R5T.F0057", "..\..\R5T.F0057\source\R5T.F0057\R5T.F0057.csproj", "{6597C47E-7F7C-4F50-B986-07FF2F4F134D}"
EndProject
Project("{9A19103F-16F7-4668-BE54-9A1E7A4F7556}") = "R5T.F0063.F001", "..\..\R5T.F0063\source\R5T.F0063.F001\R5T.F0063.F001.csproj", "{5409E39D-05BA-47A1-9A52-B41452C46B89}"
EndProject
Project("{9A19103F-16F7-4668-BE54-9A1E7A4F7556}") = "R5T.F0063", "..\..\R5T.F0063\source\R5T.F0063\R5T.F0063.csproj", "{DDFCBBC2-4C31-4273-822D-6F9AF748772E}"
EndProject
Project("{9A19103F-16F7-4668-BE54-9A1E7A4F7556}") = "R5T.F0078", "..\..\R5T.F0078\source\R5T.F0078\R5T.F0078.csproj", "{034CC938-2756-4AFE-9A53-919DAF423AB7}"
EndProject
Project("{9A19103F-16F7-4668-BE54-9A1E7A4F7556}") = "R5T.F0081", "..\..\R5T.F0081\source\R5T.F0081\R5T.F0081.csproj", "{6E290A92-BAA3-4403-850C-C734FF4E854B}"
EndProject
Project("{9A19103F-16F7-4668-BE54-9A1E7A4F7556}") = "R5T.F0083.R001", "..\..\R5T.F0083\source\R5T.F0083.R001\R5T.F0083.R001.csproj", "{0667208F-44F5-4874-9BBC-F55DEB5BA177}"
EndProject
Project("{9A19103F-16F7-4668-BE54-9A1E7A4F7556}") = "R5T.F0083", "..\..\R5T.F0083\source\R5T.F0083\R5T.F0083.csproj", "{9B302C4F-A208-4E91-BB35-69F121332E4D}"
EndProject
Project("{9A19103F-16F7-4668-BE54-9A1E7A4F7556}") = "R5T.F0084", "..\..\R5T.F0084\source\R5T.F0084\R5T.F0084.csproj", "{A1516D1D-A6C2-4884-927D-2F3DD562B14A}"
EndProject
Project("{9A19103F-16F7-4668-BE54-9A1E7A4F7556}") = "R5T.F0085", "..\..\R5T.F0085\source\R5T.F0085\R5T.F0085.csproj", "{CB27AB19-1A55-42ED-98D7-682BC9C236FE}"
EndProject
Project("{9A19103F-16F7-4668-BE54-9A1E7A4F7556}") = "R5T.F0086", "..\..\R5T.F0086\source\R5T.F0086\R5T.F0086.csproj", "{BEF556FE-1A07-4CAF-B099-D3CC1001A045}"
EndProject
Project("{9A19103F-16F7-4668-BE54-9A1E7A4F7556}") = "R5T.F0087", "..\..\R5T.F0087\source\R5T.F0087\R5T.F0087.csproj", "{2C060DB8-F130-4A27-8A3C-6561BCD9CCC7}"
EndProject
Project("{9A19103F-16F7-4668-BE54-9A1E7A4F7556}") = "R5T.F0089", "..\..\R5T.F0089\source\R5T.F0089\R5T.F0089.csproj", "{70BD376E-DA4E-492B-B445-F375561BB628}"
EndProject
Project("{9A19103F-16F7-4668-BE54-9A1E7A4F7556}") = "R5T.F0091", "..\..\R5T.F0091\source\R5T.F0091\R5T.F0091.csproj", "{A6EC627A-C9AB-472B-BE53-96CC1A0AD9D6}"
EndProject
Project("{9A19103F-16F7-4668-BE54-9A1E7A4F7556}") = "R5T.F0094", "..\..\R5T.F0094\source\R5T.F0094\R5T.F0094.csproj", "{0D394AAE-D0ED-434A-AD1B-E66556EE5078}"
EndProject
Project("{9A19103F-16F7-4668-BE54-9A1E7A4F7556}") = "R5T.F0095", "..\..\R5T.F0095\source\R5T.F0095\R5T.F0095.csproj", "{F94E8169-E390-4E67-818C-9B79D41F8220}"
EndProject
Project("{9A19103F-16F7-4668-BE54-9A1E7A4F7556}") = "R5T.F0120", "..\..\R5T.F0120\source\R5T.F0120\R5T.F0120.csproj", "{44CFF568-F483-47C8-BE9A-C036BF42766B}"
EndProject
Project("{9A19103F-16F7-4668-BE54-9A1E7A4F7556}") = "R5T.F0124", "..\..\R5T.F0124\source\R5T.F0124\R5T.F0124.csproj", "{611CD28F-8CE0-4993-8391-8487846B75D2}"
EndProject
Project("{9A19103F-16F7-4668-BE54-9A1E7A4F7556}") = "R5T.F0144", "..\..\R5T.F0144\source\R5T.F0144\R5T.F0144.csproj", "{455994C3-3EFA-4FAF-8E12-5A8B3DCE14D3}"
EndProject
Project("{9A19103F-16F7-4668-BE54-9A1E7A4F7556}") = "R5T.L0026.T000", "..\..\R5T.L0026\source\R5T.L0026.T000\R5T.L0026.T000.csproj", "{94053B5C-6201-4D43-A90A-C992455282E9}"
EndProject
Project("{9A19103F-16F7-4668-BE54-9A1E7A4F7556}") = "R5T.L0026", "..\..\R5T.L0026\source\R5T.L0026\R5T.L0026.csproj", "{26AF5F4F-A797-491F-8D53-E1322AF7C8E9}"
EndProject
Project("{9A19103F-16F7-4668-BE54-9A1E7A4F7556}") = "R5T.L0053", "..\..\R5T.L0053\source\R5T.L0053\R5T.L0053.csproj", "{8FEE2F7D-BF82-4BA6-BEB8-5A489B39DA58}"
EndProject
Project("{9A19103F-16F7-4668-BE54-9A1E7A4F7556}") = "R5T.L0066", "..\..\R5T.L0066\source\R5T.L0066\R5T.L0066.csproj", "{0772437F-A71A-4E6D-82C7-2E3DBE392CDD}"
EndProject
Project("{9A19103F-16F7-4668-BE54-9A1E7A4F7556}") = "R5T.L0071", "..\..\R5T.L0071\source\R5T.L0071\R5T.L0071.csproj", "{4E47D3E8-189B-43F0-8B67-CC2D509A514E}"
EndProject
Project("{9A19103F-16F7-4668-BE54-9A1E7A4F7556}") = "R5T.L0072", "..\..\R5T.L0072\source\R5T.L0072\R5T.L0072.csproj", "{D8F028BB-E181-43EB-82B8-6056A7B8C211}"
EndProject
Project("{9A19103F-16F7-4668-BE54-9A1E7A4F7556}") = "R5T.L0083.F001", "..\..\R5T.L0083\source\R5T.L0083.F001\R5T.L0083.F001.csproj", "{D0A04FD4-998A-4CC6-AB52-A0D48206316B}"
EndProject
Project("{9A19103F-16F7-4668-BE54-9A1E7A4F7556}") = "R5T.L0089.F000", "..\..\R5T.L0089\source\R5T.L0089.F000\R5T.L0089.F000.csproj", "{D3F0F705-B554-481C-BFAF-26965FA5DD4A}"
EndProject
Project("{9A19103F-16F7-4668-BE54-9A1E7A4F7556}") = "R5T.L0089.T000", "..\..\R5T.L0089\source\R5T.L0089.T000\R5T.L0089.T000.csproj", "{EF384E9A-CBA5-4C7F-A219-33BB7531F791}"
EndProject
Project("{9A19103F-16F7-4668-BE54-9A1E7A4F7556}") = "R5T.L0089", "..\..\R5T.L0089\source\R5T.L0089\R5T.L0089.csproj", "{D03E9B1A-3AA0-4D0D-8F55-0C16088D30C6}"
EndProject
Project("{9A19103F-16F7-4668-BE54-9A1E7A4F7556}") = "R5T.NG0002", "..\..\R5T.NG0002\source\R5T.NG0002\R5T.NG0002.csproj", "{3D2DC183-2D14-4D21-AEE4-068B0F32B206}"
EndProject
Project("{9A19103F-16F7-4668-BE54-9A1E7A4F7556}") = "R5T.NG0005", "..\..\R5T.NG0005\source\R5T.NG0005\R5T.NG0005.csproj", "{183AC436-9693-4FE0-A841-955A013E6469}"
EndProject
Project("{9A19103F-16F7-4668-BE54-9A1E7A4F7556}") = "R5T.NG0006", "..\..\R5T.NG0006\source\R5T.NG0006\R5T.NG0006.csproj", "{E862F27E-D371-482D-AB34-C07A4470E5FB}"
EndProject
Project("{9A19103F-16F7-4668-BE54-9A1E7A4F7556}") = "R5T.NG0008", "..\..\R5T.NG0008\source\R5T.NG0008\R5T.NG0008.csproj", "{A2444EC3-62CD-4C4B-856D-7A749E7C6500}"
EndProject
Project("{9A19103F-16F7-4668-BE54-9A1E7A4F7556}") = "R5T.NG0009", "..\..\R5T.NG0009\source\R5T.NG0009\R5T.NG0009.csproj", "{A7221B19-FC20-42D9-93A7-BF97EED13D59}"
EndProject
Project("{9A19103F-16F7-4668-BE54-9A1E7A4F7556}") = "R5T.NG0014", "..\..\R5T.NG0014\source\R5T.NG0014\R5T.NG0014.csproj", "{3A800736-14EC-424B-9239-0A54F9F7D141}"
EndProject
Project("{9A19103F-16F7-4668-BE54-9A1E7A4F7556}") = "R5T.NG0022", "..\..\R5T.NG0022\source\R5T.NG0022\R5T.NG0022.csproj", "{9E1A95DD-DBA1-40AD-B392-34BB73F2EF14}"
EndProject
Project("{9A19103F-16F7-4668-BE54-9A1E7A4F7556}") = "R5T.NG0023", "..\..\R5T.NG0023\source\R5T.NG0023\R5T.NG0023.csproj", "{E1783F27-4409-4F28-8EDE-129FBC5A9828}"
EndProject
Project("{9A19103F-16F7-4668-BE54-9A1E7A4F7556}") = "R5T.NG0024", "..\..\R5T.NG0024\source\R5T.NG0024\R5T.NG0024.csproj", "{CDC1204C-70F3-4A2D-B79A-E52E6811F9ED}"
EndProject
Project("{9A19103F-16F7-4668-BE54-9A1E7A4F7556}") = "R5T.T0046", "..\..\R5T.T0046\source\R5T.T0046\R5T.T0046.csproj", "{2BB7BFAE-338A-476D-9342-7EF8C4AF8E0D}"
EndProject
Project("{9A19103F-16F7-4668-BE54-9A1E7A4F7556}") = "R5T.T0131", "..\..\R5T.T0131\source\R5T.T0131\R5T.T0131.csproj", "{9746F81F-431D-4393-8A7C-2150214C960C}"
EndProject
Project("{9A19103F-16F7-4668-BE54-9A1E7A4F7556}") = "R5T.T0132", "..\..\R5T.T0132\source\R5T.T0132\R5T.T0132.csproj", "{584BFAEF-F879-4550-82B2-2C54CE5DA681}"
EndProject
Project("{9A19103F-16F7-4668-BE54-9A1E7A4F7556}") = "R5T.T0142", "..\..\R5T.T0142\source\R5T.T0142\R5T.T0142.csproj", "{1D738E61-C7F6-47ED-A85A-97A27F9A8EF0}"
EndProject
Project("{9A19103F-16F7-4668-BE54-9A1E7A4F7556}") = "R5T.T0143", "..\..\R5T.T0143\source\R5T.T0143\R5T.T0143.csproj", "{C145884F-6D8B-4D51-91BB-CB02D4B7C43A}"
EndProject
Project("{9A19103F-16F7-4668-BE54-9A1E7A4F7556}") = "R5T.T0144", "..\..\R5T.T0144\source\R5T.T0144\R5T.T0144.csproj", "{81BB8EC4-096B-43D7-B844-1C548C752E58}"
EndProject
Project("{9A19103F-16F7-4668-BE54-9A1E7A4F7556}") = "R5T.T0152", "..\..\R5T.T0152\source\R5T.T0152\R5T.T0152.csproj", "{DB5C8A10-DC2C-4C3F-B121-8B14592E53A2}"
EndProject
Project("{9A19103F-16F7-4668-BE54-9A1E7A4F7556}") = "R5T.T0153.Z001", "..\..\R5T.T0153\source\R5T.T0153.Z001\R5T.T0153.Z001.csproj", "{411A74C0-6B23-4006-AB71-E8F900E7128C}"
EndProject
Project("{9A19103F-16F7-4668-BE54-9A1E7A4F7556}") = "R5T.T0153", "..\..\R5T.T0153\source\R5T.T0153\R5T.T0153.csproj", "{6914267D-BDB0-4D09-B4E3-C95850ADB397}"
EndProject
Project("{9A19103F-16F7-4668-BE54-9A1E7A4F7556}") = "R5T.T0154", "..\..\R5T.T0154\source\R5T.T0154\R5T.T0154.csproj", "{E3DDB201-4249-41F6-A669-36E3E731948D}"
EndProject
Project("{9A19103F-16F7-4668-BE54-9A1E7A4F7556}") = "R5T.T0156", "..\..\R5T.T0156\source\R5T.T0156\R5T.T0156.csproj", "{3DC61462-77E9-4C29-9FED-A7E58D858931}"
EndProject
Project("{9A19103F-16F7-4668-BE54-9A1E7A4F7556}") = "R5T.T0174", "..\..\R5T.T0174\source\R5T.T0174\R5T.T0174.csproj", "{9E2ADB56-1723-48AF-9A1F-19C97D6307FE}"
EndProject
Project("{9A19103F-16F7-4668-BE54-9A1E7A4F7556}") = "R5T.T0176", "..\..\R5T.T0176\source\R5T.T0176\R5T.T0176.csproj", "{2298528B-3900-46CC-B2AB-D90E76CA1ABB}"
EndProject
Project("{9A19103F-16F7-4668-BE54-9A1E7A4F7556}") = "R5T.T0177", "..\..\R5T.T0177\source\R5T.T0177\R5T.T0177.csproj", "{2364297A-39E9-4598-9361-25A275E70638}"
EndProject
Project("{9A19103F-16F7-4668-BE54-9A1E7A4F7556}") = "R5T.T0178", "..\..\R5T.T0178\source\R5T.T0178\R5T.T0178.csproj", "{4BEA3669-24E0-4927-9AD3-93606D3AA622}"
EndProject
Project("{9A19103F-16F7-4668-BE54-9A1E7A4F7556}") = "R5T.T0179", "..\..\R5T.T0179\source\R5T.T0179\R5T.T0179.csproj", "{E79EA769-B150-47A5-BAD3-8A609E86E1A6}"
EndProject
Project("{9A19103F-16F7-4668-BE54-9A1E7A4F7556}") = "R5T.T0180", "..\..\R5T.T0180\source\R5T.T0180\R5T.T0180.csproj", "{BFCB0235-6A80-4626-83EF-C21390ED20BE}"
EndProject
Project("{9A19103F-16F7-4668-BE54-9A1E7A4F7556}") = "R5T.T0181", "..\..\R5T.T0181\source\R5T.T0181\R5T.T0181.csproj", "{FB3C3732-E326-4E61-AE76-6DB0A95B8537}"
EndProject
Project("{9A19103F-16F7-4668-BE54-9A1E7A4F7556}") = "R5T.T0185", "..\..\R5T.T0185\source\R5T.T0185\R5T.T0185.csproj", "{6EA11974-D2D8-4605-9C76-A4854E8A6E3E}"
EndProject
Project("{9A19103F-16F7-4668-BE54-9A1E7A4F7556}") = "R5T.T0199.T000", "..\..\R5T.T0199\source\R5T.T0199.T000\R5T.T0199.T000.csproj", "{0D2B3293-A095-4FCC-AF36-FEC7A35FD505}"
EndProject
Project("{9A19103F-16F7-4668-BE54-9A1E7A4F7556}") = "R5T.T0199.T001", "..\..\R5T.T0199\source\R5T.T0199.T001\R5T.T0199.T001.csproj", "{CD5AA66F-5E16-48D6-B212-59E1B5B45533}"
EndProject
Project("{9A19103F-16F7-4668-BE54-9A1E7A4F7556}") = "R5T.T0199", "..\..\R5T.T0199\source\R5T.T0199\R5T.T0199.csproj", "{E04B1794-EC82-46AE-AD39-3374C5D5E17D}"
EndProject
Project("{9A19103F-16F7-4668-BE54-9A1E7A4F7556}") = "R5T.T0209", "..\..\R5T.T0209\source\R5T.T0209\R5T.T0209.csproj", "{DFA70CA6-2398-49E4-A546-6207E2FF1265}"
EndProject
Project("{9A19103F-16F7-4668-BE54-9A1E7A4F7556}") = "R5T.T0220", "..\..\R5T.T0220\source\R5T.T0220\R5T.T0220.csproj", "{3497399A-DF34-48A4-AADD-57D800D1477C}"
EndProject
Project("{9A19103F-16F7-4668-BE54-9A1E7A4F7556}") = "R5T.T0221", "..\..\R5T.T0221\source\R5T.T0221\R5T.T0221.csproj", "{F7D7B05F-8940-455A-BC23-E3CF2AB94EB0}"
EndProject
Project("{9A19103F-16F7-4668-BE54-9A1E7A4F7556}") = "R5T.T0240", "..\..\R5T.T0240\source\R5T.T0240\R5T.T0240.csproj", "{711D3615-34C2-40FA-A540-8CE6EB0F7A6E}"
EndProject
Project("{9A19103F-16F7-4668-BE54-9A1E7A4F7556}") = "R5T.T0241", "..\..\R5T.T0241\source\R5T.T0241\R5T.T0241.csproj", "{3A7EC685-05DF-478A-9130-265FC7E180D3}"
EndProject
Project("{9A19103F-16F7-4668-BE54-9A1E7A4F7556}") = "R5T.Y0000", "..\..\R5T.Y0000\source\R5T.Y0000\R5T.Y0000.csproj", "{850998AA-75E1-427D-83E7-B8233147B033}"
EndProject
Project("{9A19103F-16F7-4668-BE54-9A1E7A4F7556}") = "R5T.Y0004", "..\..\R5T.Y0004\source\R5T.Y0004\R5T.Y0004.csproj", "{2039E1E0-BF20-437F-8CB3-96A1A3C01A8E}"
EndProject
Project("{9A19103F-16F7-4668-BE54-9A1E7A4F7556}") = "R5T.Y0006", "..\..\R5T.Y0006\source\R5T.Y0006\R5T.Y0006.csproj", "{A93C9525-F440-468F-B7BC-AD229279D423}"
EndProject
Project("{9A19103F-16F7-4668-BE54-9A1E7A4F7556}") = "R5T.Z0000", "..\..\R5T.Z0000\source\R5T.Z0000\R5T.Z0000.csproj", "{79D4B2AA-60B9-4AD3-88F0-7475AE47DFBA}"
EndProject
Project("{9A19103F-16F7-4668-BE54-9A1E7A4F7556}") = "R5T.Z0006", "..\..\R5T.Z0006\source\R5T.Z0006\R5T.Z0006.csproj", "{35491B87-DFE2-4BE3-A64E-917441493BE0}"
EndProject
Project("{9A19103F-16F7-4668-BE54-9A1E7A4F7556}") = "R5T.Z0007", "..\..\R5T.Z0007\source\R5T.Z0007\R5T.Z0007.csproj", "{39D616B8-2A14-49F2-B2A3-E434851CF302}"
EndProject
Project("{9A19103F-16F7-4668-BE54-9A1E7A4F7556}") = "R5T.Z0009", "..\..\R5T.Z0009\source\R5T.Z0009\R5T.Z0009.csproj", "{B88CC652-4829-4CD6-908E-21331C11AC1C}"
EndProject
Project("{9A19103F-16F7-4668-BE54-9A1E7A4F7556}") = "R5T.Z0010.Platform", "..\..\R5T.Z0010\source\R5T.Z0010.Platform\R5T.Z0010.Platform.csproj", "{DC74E553-3D71-41B3-AF4C-597DB3C1D278}"
EndProject
Project("{9A19103F-16F7-4668-BE54-9A1E7A4F7556}") = "R5T.Z0013", "..\..\R5T.Z0013\source\R5T.Z0013\R5T.Z0013.csproj", "{5465FEBD-81E3-417C-8AEE-71E3E814AFDA}"
EndProject
Project("{9A19103F-16F7-4668-BE54-9A1E7A4F7556}") = "R5T.Z0018", "..\..\R5T.Z0018.Private\source\R5T.Z0018\R5T.Z0018.csproj", "{01B56FF4-7C0B-4616-A655-D340F4A21448}"
EndProject
Project("{9A19103F-16F7-4668-BE54-9A1E7A4F7556}") = "R5T.Z0020", "..\..\R5T.Z0020\source\R5T.Z0020\R5T.Z0020.csproj", "{64266AFA-E52A-4CE9-8340-0333BD88B75B}"
EndProject
Project("{9A19103F-16F7-4668-BE54-9A1E7A4F7556}") = "R5T.Z0023", "..\..\R5T.Z0023\source\R5T.Z0023\R5T.Z0023.csproj", "{B6CF5541-AF2E-45FF-8F87-21A385B4B914}"
EndProject
Global
	GlobalSection(NestedProjects) = preSolution
		{F550A1A0-3690-4CDA-82C7-D416169B1144} = {F47DE7AE-347F-41D8-9151-A7DF4E08C991}
		{8F272B89-18E7-4250-89E9-90628C86B2DD} = {F47DE7AE-347F-41D8-9151-A7DF4E08C991}
		{7708AA5B-3662-42C2-9F33-02B7291A0AF0} = {F47DE7AE-347F-41D8-9151-A7DF4E08C991}
		{5090FA90-79F4-4041-902E-457550C6EB56} = {F47DE7AE-347F-41D8-9151-A7DF4E08C991}
		{ED70A189-0FB8-46C9-96C1-C411DE820F6E} = {F47DE7AE-347F-41D8-9151-A7DF4E08C991}
		{59B4994C-F5F2-48D1-9BDC-F7DC3B69B554} = {F47DE7AE-347F-41D8-9151-A7DF4E08C991}
		{D37DED65-48D6-4D57-95F7-3789C612A4A2} = {F47DE7AE-347F-41D8-9151-A7DF4E08C991}
		{4978256A-1EA8-43D9-A7FD-26C56562CFE6} = {F47DE7AE-347F-41D8-9151-A7DF4E08C991}
		{E067917E-DEF7-4B62-8465-08DC6EBF9887} = {F47DE7AE-347F-41D8-9151-A7DF4E08C991}
		{2A49D3E5-6E66-4C2E-8469-8F58DB2ACC03} = {F47DE7AE-347F-41D8-9151-A7DF4E08C991}
		{DE18D721-CE1E-40C4-A9C5-2F921D51895E} = {F47DE7AE-347F-41D8-9151-A7DF4E08C991}
		{F482BB2E-C192-4692-A2BF-4566DC63264B} = {F47DE7AE-347F-41D8-9151-A7DF4E08C991}
		{7835D816-BCD3-4D6B-9F1A-85EDAD9C4634} = {F47DE7AE-347F-41D8-9151-A7DF4E08C991}
		{81936A6B-4252-44E4-8D4D-3CED4CB1C117} = {F47DE7AE-347F-41D8-9151-A7DF4E08C991}
		{4E344A70-DC67-41F0-BB1D-1ECFD71CC272} = {F47DE7AE-347F-41D8-9151-A7DF4E08C991}
		{A39E82D2-C75A-4EC5-9814-73DDB11AF60B} = {F47DE7AE-347F-41D8-9151-A7DF4E08C991}
		{CA5DAA48-2460-43F6-A914-4C5C50942205} = {F47DE7AE-347F-41D8-9151-A7DF4E08C991}
		{39BE82D6-22F6-4B15-80F0-25A838AA7DBF} = {F47DE7AE-347F-41D8-9151-A7DF4E08C991}
		{02F8B13D-9DB5-4190-A9D7-E2F1CB0D6E49} = {F47DE7AE-347F-41D8-9151-A7DF4E08C991}
		{4ED7F864-B298-47D7-8487-11E12EDC8028} = {F47DE7AE-347F-41D8-9151-A7DF4E08C991}
		{36B7E138-1830-4E9C-98C5-DE466FE4AF9E} = {F47DE7AE-347F-41D8-9151-A7DF4E08C991}
		{C01EF34D-C40A-4E50-9696-916B0CAF9A75} = {F47DE7AE-347F-41D8-9151-A7DF4E08C991}
		{E71979B6-A7F8-4895-9092-21EAD8445F9F} = {F47DE7AE-347F-41D8-9151-A7DF4E08C991}
		{6597C47E-7F7C-4F50-B986-07FF2F4F134D} = {F47DE7AE-347F-41D8-9151-A7DF4E08C991}
		{5409E39D-05BA-47A1-9A52-B41452C46B89} = {F47DE7AE-347F-41D8-9151-A7DF4E08C991}
		{DDFCBBC2-4C31-4273-822D-6F9AF748772E} = {F47DE7AE-347F-41D8-9151-A7DF4E08C991}
		{034CC938-2756-4AFE-9A53-919DAF423AB7} = {F47DE7AE-347F-41D8-9151-A7DF4E08C991}
		{6E290A92-BAA3-4403-850C-C734FF4E854B} = {F47DE7AE-347F-41D8-9151-A7DF4E08C991}
		{0667208F-44F5-4874-9BBC-F55DEB5BA177} = {F47DE7AE-347F-41D8-9151-A7DF4E08C991}
		{9B302C4F-A208-4E91-BB35-69F121332E4D} = {F47DE7AE-347F-41D8-9151-A7DF4E08C991}
		{A1516D1D-A6C2-4884-927D-2F3DD562B14A} = {F47DE7AE-347F-41D8-9151-A7DF4E08C991}
		{CB27AB19-1A55-42ED-98D7-682BC9C236FE} = {F47DE7AE-347F-41D8-9151-A7DF4E08C991}
		{BEF556FE-1A07-4CAF-B099-D3CC1001A045} = {F47DE7AE-347F-41D8-9151-A7DF4E08C991}
		{2C060DB8-F130-4A27-8A3C-6561BCD9CCC7} = {F47DE7AE-347F-41D8-9151-A7DF4E08C991}
		{70BD376E-DA4E-492B-B445-F375561BB628} = {F47DE7AE-347F-41D8-9151-A7DF4E08C991}
		{A6EC627A-C9AB-472B-BE53-96CC1A0AD9D6} = {F47DE7AE-347F-41D8-9151-A7DF4E08C991}
		{0D394AAE-D0ED-434A-AD1B-E66556EE5078} = {F47DE7AE-347F-41D8-9151-A7DF4E08C991}
		{F94E8169-E390-4E67-818C-9B79D41F8220} = {F47DE7AE-347F-41D8-9151-A7DF4E08C991}
		{44CFF568-F483-47C8-BE9A-C036BF42766B} = {F47DE7AE-347F-41D8-9151-A7DF4E08C991}
		{611CD28F-8CE0-4993-8391-8487846B75D2} = {F47DE7AE-347F-41D8-9151-A7DF4E08C991}
		{455994C3-3EFA-4FAF-8E12-5A8B3DCE14D3} = {F47DE7AE-347F-41D8-9151-A7DF4E08C991}
		{94053B5C-6201-4D43-A90A-C992455282E9} = {F47DE7AE-347F-41D8-9151-A7DF4E08C991}
		{26AF5F4F-A797-491F-8D53-E1322AF7C8E9} = {F47DE7AE-347F-41D8-9151-A7DF4E08C991}
		{8FEE2F7D-BF82-4BA6-BEB8-5A489B39DA58} = {F47DE7AE-347F-41D8-9151-A7DF4E08C991}
		{0772437F-A71A-4E6D-82C7-2E3DBE392CDD} = {F47DE7AE-347F-41D8-9151-A7DF4E08C991}
		{4E47D3E8-189B-43F0-8B67-CC2D509A514E} = {F47DE7AE-347F-41D8-9151-A7DF4E08C991}
		{D8F028BB-E181-43EB-82B8-6056A7B8C211} = {F47DE7AE-347F-41D8-9151-A7DF4E08C991}
		{D0A04FD4-998A-4CC6-AB52-A0D48206316B} = {F47DE7AE-347F-41D8-9151-A7DF4E08C991}
		{D3F0F705-B554-481C-BFAF-26965FA5DD4A} = {F47DE7AE-347F-41D8-9151-A7DF4E08C991}
		{EF384E9A-CBA5-4C7F-A219-33BB7531F791} = {F47DE7AE-347F-41D8-9151-A7DF4E08C991}
		{D03E9B1A-3AA0-4D0D-8F55-0C16088D30C6} = {F47DE7AE-347F-41D8-9151-A7DF4E08C991}
		{3D2DC183-2D14-4D21-AEE4-068B0F32B206} = {F47DE7AE-347F-41D8-9151-A7DF4E08C991}
		{183AC436-9693-4FE0-A841-955A013E6469} = {F47DE7AE-347F-41D8-9151-A7DF4E08C991}
		{E862F27E-D371-482D-AB34-C07A4470E5FB} = {F47DE7AE-347F-41D8-9151-A7DF4E08C991}
		{A2444EC3-62CD-4C4B-856D-7A749E7C6500} = {F47DE7AE-347F-41D8-9151-A7DF4E08C991}
		{A7221B19-FC20-42D9-93A7-BF97EED13D59} = {F47DE7AE-347F-41D8-9151-A7DF4E08C991}
		{3A800736-14EC-424B-9239-0A54F9F7D141} = {F47DE7AE-347F-41D8-9151-A7DF4E08C991}
		{9E1A95DD-DBA1-40AD-B392-34BB73F2EF14} = {F47DE7AE-347F-41D8-9151-A7DF4E08C991}
		{E1783F27-4409-4F28-8EDE-129FBC5A9828} = {F47DE7AE-347F-41D8-9151-A7DF4E08C991}
		{CDC1204C-70F3-4A2D-B79A-E52E6811F9ED} = {F47DE7AE-347F-41D8-9151-A7DF4E08C991}
		{2BB7BFAE-338A-476D-9342-7EF8C4AF8E0D} = {F47DE7AE-347F-41D8-9151-A7DF4E08C991}
		{9746F81F-431D-4393-8A7C-2150214C960C} = {F47DE7AE-347F-41D8-9151-A7DF4E08C991}
		{584BFAEF-F879-4550-82B2-2C54CE5DA681} = {F47DE7AE-347F-41D8-9151-A7DF4E08C991}
		{1D738E61-C7F6-47ED-A85A-97A27F9A8EF0} = {F47DE7AE-347F-41D8-9151-A7DF4E08C991}
		{C145884F-6D8B-4D51-91BB-CB02D4B7C43A} = {F47DE7AE-347F-41D8-9151-A7DF4E08C991}
		{81BB8EC4-096B-43D7-B844-1C548C752E58} = {F47DE7AE-347F-41D8-9151-A7DF4E08C991}
		{DB5C8A10-DC2C-4C3F-B121-8B14592E53A2} = {F47DE7AE-347F-41D8-9151-A7DF4E08C991}
		{411A74C0-6B23-4006-AB71-E8F900E7128C} = {F47DE7AE-347F-41D8-9151-A7DF4E08C991}
		{6914267D-BDB0-4D09-B4E3-C95850ADB397} = {F47DE7AE-347F-41D8-9151-A7DF4E08C991}
		{E3DDB201-4249-41F6-A669-36E3E731948D} = {F47DE7AE-347F-41D8-9151-A7DF4E08C991}
		{3DC61462-77E9-4C29-9FED-A7E58D858931} = {F47DE7AE-347F-41D8-9151-A7DF4E08C991}
		{9E2ADB56-1723-48AF-9A1F-19C97D6307FE} = {F47DE7AE-347F-41D8-9151-A7DF4E08C991}
		{2298528B-3900-46CC-B2AB-D90E76CA1ABB} = {F47DE7AE-347F-41D8-9151-A7DF4E08C991}
		{2364297A-39E9-4598-9361-25A275E70638} = {F47DE7AE-347F-41D8-9151-A7DF4E08C991}
		{4BEA3669-24E0-4927-9AD3-93606D3AA622} = {F47DE7AE-347F-41D8-9151-A7DF4E08C991}
		{E79EA769-B150-47A5-BAD3-8A609E86E1A6} = {F47DE7AE-347F-41D8-9151-A7DF4E08C991}
		{BFCB0235-6A80-4626-83EF-C21390ED20BE} = {F47DE7AE-347F-41D8-9151-A7DF4E08C991}
		{FB3C3732-E326-4E61-AE76-6DB0A95B8537} = {F47DE7AE-347F-41D8-9151-A7DF4E08C991}
		{6EA11974-D2D8-4605-9C76-A4854E8A6E3E} = {F47DE7AE-347F-41D8-9151-A7DF4E08C991}
		{0D2B3293-A095-4FCC-AF36-FEC7A35FD505} = {F47DE7AE-347F-41D8-9151-A7DF4E08C991}
		{CD5AA66F-5E16-48D6-B212-59E1B5B45533} = {F47DE7AE-347F-41D8-9151-A7DF4E08C991}
		{E04B1794-EC82-46AE-AD39-3374C5D5E17D} = {F47DE7AE-347F-41D8-9151-A7DF4E08C991}
		{DFA70CA6-2398-49E4-A546-6207E2FF1265} = {F47DE7AE-347F-41D8-9151-A7DF4E08C991}
		{3497399A-DF34-48A4-AADD-57D800D1477C} = {F47DE7AE-347F-41D8-9151-A7DF4E08C991}
		{F7D7B05F-8940-455A-BC23-E3CF2AB94EB0} = {F47DE7AE-347F-41D8-9151-A7DF4E08C991}
		{711D3615-34C2-40FA-A540-8CE6EB0F7A6E} = {F47DE7AE-347F-41D8-9151-A7DF4E08C991}
		{3A7EC685-05DF-478A-9130-265FC7E180D3} = {F47DE7AE-347F-41D8-9151-A7DF4E08C991}
		{850998AA-75E1-427D-83E7-B8233147B033} = {F47DE7AE-347F-41D8-9151-A7DF4E08C991}
		{2039E1E0-BF20-437F-8CB3-96A1A3C01A8E} = {F47DE7AE-347F-41D8-9151-A7DF4E08C991}
		{A93C9525-F440-468F-B7BC-AD229279D423} = {F47DE7AE-347F-41D8-9151-A7DF4E08C991}
		{79D4B2AA-60B9-4AD3-88F0-7475AE47DFBA} = {F47DE7AE-347F-41D8-9151-A7DF4E08C991}
		{35491B87-DFE2-4BE3-A64E-917441493BE0} = {F47DE7AE-347F-41D8-9151-A7DF4E08C991}
		{39D616B8-2A14-49F2-B2A3-E434851CF302} = {F47DE7AE-347F-41D8-9151-A7DF4E08C991}
		{B88CC652-4829-4CD6-908E-21331C11AC1C} = {F47DE7AE-347F-41D8-9151-A7DF4E08C991}
		{DC74E553-3D71-41B3-AF4C-597DB3C1D278} = {F47DE7AE-347F-41D8-9151-A7DF4E08C991}
		{5465FEBD-81E3-417C-8AEE-71E3E814AFDA} = {F47DE7AE-347F-41D8-9151-A7DF4E08C991}
		{01B56FF4-7C0B-4616-A655-D340F4A21448} = {F47DE7AE-347F-41D8-9151-A7DF4E08C991}
		{64266AFA-E52A-4CE9-8340-0333BD88B75B} = {F47DE7AE-347F-41D8-9151-A7DF4E08C991}
		{B6CF5541-AF2E-45FF-8F87-21A385B4B914} = {F47DE7AE-347F-41D8-9151-A7DF4E08C991}
	EndGlobalSection
	GlobalSection(SolutionConfigurationPlatforms) = preSolution
		Debug|Any CPU = Debug|Any CPU
		Release|Any CPU = Release|Any CPU
	EndGlobalSection
	GlobalSection(ProjectConfigurationPlatforms) = postSolution
		{BAFDE769-EDD0-4F8F-BD54-9082CD8E9764}.Debug|Any CPU.ActiveCfg = Debug|Any CPU
		{BAFDE769-EDD0-4F8F-BD54-9082CD8E9764}.Debug|Any CPU.Build.0 = Debug|Any CPU
		{BAFDE769-EDD0-4F8F-BD54-9082CD8E9764}.Release|Any CPU.ActiveCfg = Release|Any CPU
		{BAFDE769-EDD0-4F8F-BD54-9082CD8E9764}.Release|Any CPU.Build.0 = Release|Any CPU
		{CC6A9497-81CB-473E-80C9-3E5FCF37AD49}.Debug|Any CPU.ActiveCfg = Debug|Any CPU
		{CC6A9497-81CB-473E-80C9-3E5FCF37AD49}.Debug|Any CPU.Build.0 = Debug|Any CPU
		{CC6A9497-81CB-473E-80C9-3E5FCF37AD49}.Release|Any CPU.ActiveCfg = Release|Any CPU
		{CC6A9497-81CB-473E-80C9-3E5FCF37AD49}.Release|Any CPU.Build.0 = Release|Any CPU
		{F550A1A0-3690-4CDA-82C7-D416169B1144}.Debug|Any CPU.ActiveCfg = Debug|Any CPU
		{F550A1A0-3690-4CDA-82C7-D416169B1144}.Debug|Any CPU.Build.0 = Debug|Any CPU
		{F550A1A0-3690-4CDA-82C7-D416169B1144}.Release|Any CPU.ActiveCfg = Release|Any CPU
		{F550A1A0-3690-4CDA-82C7-D416169B1144}.Release|Any CPU.Build.0 = Release|Any CPU
		{8F272B89-18E7-4250-89E9-90628C86B2DD}.Debug|Any CPU.ActiveCfg = Debug|Any CPU
		{8F272B89-18E7-4250-89E9-90628C86B2DD}.Debug|Any CPU.Build.0 = Debug|Any CPU
		{8F272B89-18E7-4250-89E9-90628C86B2DD}.Release|Any CPU.ActiveCfg = Release|Any CPU
		{8F272B89-18E7-4250-89E9-90628C86B2DD}.Release|Any CPU.Build.0 = Release|Any CPU
		{7708AA5B-3662-42C2-9F33-02B7291A0AF0}.Debug|Any CPU.ActiveCfg = Debug|Any CPU
		{7708AA5B-3662-42C2-9F33-02B7291A0AF0}.Debug|Any CPU.Build.0 = Debug|Any CPU
		{7708AA5B-3662-42C2-9F33-02B7291A0AF0}.Release|Any CPU.ActiveCfg = Release|Any CPU
		{7708AA5B-3662-42C2-9F33-02B7291A0AF0}.Release|Any CPU.Build.0 = Release|Any CPU
		{5090FA90-79F4-4041-902E-457550C6EB56}.Debug|Any CPU.ActiveCfg = Debug|Any CPU
		{5090FA90-79F4-4041-902E-457550C6EB56}.Debug|Any CPU.Build.0 = Debug|Any CPU
		{5090FA90-79F4-4041-902E-457550C6EB56}.Release|Any CPU.ActiveCfg = Release|Any CPU
		{5090FA90-79F4-4041-902E-457550C6EB56}.Release|Any CPU.Build.0 = Release|Any CPU
		{ED70A189-0FB8-46C9-96C1-C411DE820F6E}.Debug|Any CPU.ActiveCfg = Debug|Any CPU
		{ED70A189-0FB8-46C9-96C1-C411DE820F6E}.Debug|Any CPU.Build.0 = Debug|Any CPU
		{ED70A189-0FB8-46C9-96C1-C411DE820F6E}.Release|Any CPU.ActiveCfg = Release|Any CPU
		{ED70A189-0FB8-46C9-96C1-C411DE820F6E}.Release|Any CPU.Build.0 = Release|Any CPU
		{59B4994C-F5F2-48D1-9BDC-F7DC3B69B554}.Debug|Any CPU.ActiveCfg = Debug|Any CPU
		{59B4994C-F5F2-48D1-9BDC-F7DC3B69B554}.Debug|Any CPU.Build.0 = Debug|Any CPU
		{59B4994C-F5F2-48D1-9BDC-F7DC3B69B554}.Release|Any CPU.ActiveCfg = Release|Any CPU
		{59B4994C-F5F2-48D1-9BDC-F7DC3B69B554}.Release|Any CPU.Build.0 = Release|Any CPU
		{D37DED65-48D6-4D57-95F7-3789C612A4A2}.Debug|Any CPU.ActiveCfg = Debug|Any CPU
		{D37DED65-48D6-4D57-95F7-3789C612A4A2}.Debug|Any CPU.Build.0 = Debug|Any CPU
		{D37DED65-48D6-4D57-95F7-3789C612A4A2}.Release|Any CPU.ActiveCfg = Release|Any CPU
		{D37DED65-48D6-4D57-95F7-3789C612A4A2}.Release|Any CPU.Build.0 = Release|Any CPU
		{4978256A-1EA8-43D9-A7FD-26C56562CFE6}.Debug|Any CPU.ActiveCfg = Debug|Any CPU
		{4978256A-1EA8-43D9-A7FD-26C56562CFE6}.Debug|Any CPU.Build.0 = Debug|Any CPU
		{4978256A-1EA8-43D9-A7FD-26C56562CFE6}.Release|Any CPU.ActiveCfg = Release|Any CPU
		{4978256A-1EA8-43D9-A7FD-26C56562CFE6}.Release|Any CPU.Build.0 = Release|Any CPU
		{E067917E-DEF7-4B62-8465-08DC6EBF9887}.Debug|Any CPU.ActiveCfg = Debug|Any CPU
		{E067917E-DEF7-4B62-8465-08DC6EBF9887}.Debug|Any CPU.Build.0 = Debug|Any CPU
		{E067917E-DEF7-4B62-8465-08DC6EBF9887}.Release|Any CPU.ActiveCfg = Release|Any CPU
		{E067917E-DEF7-4B62-8465-08DC6EBF9887}.Release|Any CPU.Build.0 = Release|Any CPU
		{2A49D3E5-6E66-4C2E-8469-8F58DB2ACC03}.Debug|Any CPU.ActiveCfg = Debug|Any CPU
		{2A49D3E5-6E66-4C2E-8469-8F58DB2ACC03}.Debug|Any CPU.Build.0 = Debug|Any CPU
		{2A49D3E5-6E66-4C2E-8469-8F58DB2ACC03}.Release|Any CPU.ActiveCfg = Release|Any CPU
		{2A49D3E5-6E66-4C2E-8469-8F58DB2ACC03}.Release|Any CPU.Build.0 = Release|Any CPU
		{DE18D721-CE1E-40C4-A9C5-2F921D51895E}.Debug|Any CPU.ActiveCfg = Debug|Any CPU
		{DE18D721-CE1E-40C4-A9C5-2F921D51895E}.Debug|Any CPU.Build.0 = Debug|Any CPU
		{DE18D721-CE1E-40C4-A9C5-2F921D51895E}.Release|Any CPU.ActiveCfg = Release|Any CPU
		{DE18D721-CE1E-40C4-A9C5-2F921D51895E}.Release|Any CPU.Build.0 = Release|Any CPU
		{F482BB2E-C192-4692-A2BF-4566DC63264B}.Debug|Any CPU.ActiveCfg = Debug|Any CPU
		{F482BB2E-C192-4692-A2BF-4566DC63264B}.Debug|Any CPU.Build.0 = Debug|Any CPU
		{F482BB2E-C192-4692-A2BF-4566DC63264B}.Release|Any CPU.ActiveCfg = Release|Any CPU
		{F482BB2E-C192-4692-A2BF-4566DC63264B}.Release|Any CPU.Build.0 = Release|Any CPU
		{7835D816-BCD3-4D6B-9F1A-85EDAD9C4634}.Debug|Any CPU.ActiveCfg = Debug|Any CPU
		{7835D816-BCD3-4D6B-9F1A-85EDAD9C4634}.Debug|Any CPU.Build.0 = Debug|Any CPU
		{7835D816-BCD3-4D6B-9F1A-85EDAD9C4634}.Release|Any CPU.ActiveCfg = Release|Any CPU
		{7835D816-BCD3-4D6B-9F1A-85EDAD9C4634}.Release|Any CPU.Build.0 = Release|Any CPU
		{81936A6B-4252-44E4-8D4D-3CED4CB1C117}.Debug|Any CPU.ActiveCfg = Debug|Any CPU
		{81936A6B-4252-44E4-8D4D-3CED4CB1C117}.Debug|Any CPU.Build.0 = Debug|Any CPU
		{81936A6B-4252-44E4-8D4D-3CED4CB1C117}.Release|Any CPU.ActiveCfg = Release|Any CPU
		{81936A6B-4252-44E4-8D4D-3CED4CB1C117}.Release|Any CPU.Build.0 = Release|Any CPU
		{4E344A70-DC67-41F0-BB1D-1ECFD71CC272}.Debug|Any CPU.ActiveCfg = Debug|Any CPU
		{4E344A70-DC67-41F0-BB1D-1ECFD71CC272}.Debug|Any CPU.Build.0 = Debug|Any CPU
		{4E344A70-DC67-41F0-BB1D-1ECFD71CC272}.Release|Any CPU.ActiveCfg = Release|Any CPU
		{4E344A70-DC67-41F0-BB1D-1ECFD71CC272}.Release|Any CPU.Build.0 = Release|Any CPU
		{A39E82D2-C75A-4EC5-9814-73DDB11AF60B}.Debug|Any CPU.ActiveCfg = Debug|Any CPU
		{A39E82D2-C75A-4EC5-9814-73DDB11AF60B}.Debug|Any CPU.Build.0 = Debug|Any CPU
		{A39E82D2-C75A-4EC5-9814-73DDB11AF60B}.Release|Any CPU.ActiveCfg = Release|Any CPU
		{A39E82D2-C75A-4EC5-9814-73DDB11AF60B}.Release|Any CPU.Build.0 = Release|Any CPU
		{CA5DAA48-2460-43F6-A914-4C5C50942205}.Debug|Any CPU.ActiveCfg = Debug|Any CPU
		{CA5DAA48-2460-43F6-A914-4C5C50942205}.Debug|Any CPU.Build.0 = Debug|Any CPU
		{CA5DAA48-2460-43F6-A914-4C5C50942205}.Release|Any CPU.ActiveCfg = Release|Any CPU
		{CA5DAA48-2460-43F6-A914-4C5C50942205}.Release|Any CPU.Build.0 = Release|Any CPU
		{39BE82D6-22F6-4B15-80F0-25A838AA7DBF}.Debug|Any CPU.ActiveCfg = Debug|Any CPU
		{39BE82D6-22F6-4B15-80F0-25A838AA7DBF}.Debug|Any CPU.Build.0 = Debug|Any CPU
		{39BE82D6-22F6-4B15-80F0-25A838AA7DBF}.Release|Any CPU.ActiveCfg = Release|Any CPU
		{39BE82D6-22F6-4B15-80F0-25A838AA7DBF}.Release|Any CPU.Build.0 = Release|Any CPU
		{02F8B13D-9DB5-4190-A9D7-E2F1CB0D6E49}.Debug|Any CPU.ActiveCfg = Debug|Any CPU
		{02F8B13D-9DB5-4190-A9D7-E2F1CB0D6E49}.Debug|Any CPU.Build.0 = Debug|Any CPU
		{02F8B13D-9DB5-4190-A9D7-E2F1CB0D6E49}.Release|Any CPU.ActiveCfg = Release|Any CPU
		{02F8B13D-9DB5-4190-A9D7-E2F1CB0D6E49}.Release|Any CPU.Build.0 = Release|Any CPU
		{4ED7F864-B298-47D7-8487-11E12EDC8028}.Debug|Any CPU.ActiveCfg = Debug|Any CPU
		{4ED7F864-B298-47D7-8487-11E12EDC8028}.Debug|Any CPU.Build.0 = Debug|Any CPU
		{4ED7F864-B298-47D7-8487-11E12EDC8028}.Release|Any CPU.ActiveCfg = Release|Any CPU
		{4ED7F864-B298-47D7-8487-11E12EDC8028}.Release|Any CPU.Build.0 = Release|Any CPU
		{36B7E138-1830-4E9C-98C5-DE466FE4AF9E}.Debug|Any CPU.ActiveCfg = Debug|Any CPU
		{36B7E138-1830-4E9C-98C5-DE466FE4AF9E}.Debug|Any CPU.Build.0 = Debug|Any CPU
		{36B7E138-1830-4E9C-98C5-DE466FE4AF9E}.Release|Any CPU.ActiveCfg = Release|Any CPU
		{36B7E138-1830-4E9C-98C5-DE466FE4AF9E}.Release|Any CPU.Build.0 = Release|Any CPU
		{C01EF34D-C40A-4E50-9696-916B0CAF9A75}.Debug|Any CPU.ActiveCfg = Debug|Any CPU
		{C01EF34D-C40A-4E50-9696-916B0CAF9A75}.Debug|Any CPU.Build.0 = Debug|Any CPU
		{C01EF34D-C40A-4E50-9696-916B0CAF9A75}.Release|Any CPU.ActiveCfg = Release|Any CPU
		{C01EF34D-C40A-4E50-9696-916B0CAF9A75}.Release|Any CPU.Build.0 = Release|Any CPU
		{E71979B6-A7F8-4895-9092-21EAD8445F9F}.Debug|Any CPU.ActiveCfg = Debug|Any CPU
		{E71979B6-A7F8-4895-9092-21EAD8445F9F}.Debug|Any CPU.Build.0 = Debug|Any CPU
		{E71979B6-A7F8-4895-9092-21EAD8445F9F}.Release|Any CPU.ActiveCfg = Release|Any CPU
		{E71979B6-A7F8-4895-9092-21EAD8445F9F}.Release|Any CPU.Build.0 = Release|Any CPU
		{6597C47E-7F7C-4F50-B986-07FF2F4F134D}.Debug|Any CPU.ActiveCfg = Debug|Any CPU
		{6597C47E-7F7C-4F50-B986-07FF2F4F134D}.Debug|Any CPU.Build.0 = Debug|Any CPU
		{6597C47E-7F7C-4F50-B986-07FF2F4F134D}.Release|Any CPU.ActiveCfg = Release|Any CPU
		{6597C47E-7F7C-4F50-B986-07FF2F4F134D}.Release|Any CPU.Build.0 = Release|Any CPU
		{5409E39D-05BA-47A1-9A52-B41452C46B89}.Debug|Any CPU.ActiveCfg = Debug|Any CPU
		{5409E39D-05BA-47A1-9A52-B41452C46B89}.Debug|Any CPU.Build.0 = Debug|Any CPU
		{5409E39D-05BA-47A1-9A52-B41452C46B89}.Release|Any CPU.ActiveCfg = Release|Any CPU
		{5409E39D-05BA-47A1-9A52-B41452C46B89}.Release|Any CPU.Build.0 = Release|Any CPU
		{DDFCBBC2-4C31-4273-822D-6F9AF748772E}.Debug|Any CPU.ActiveCfg = Debug|Any CPU
		{DDFCBBC2-4C31-4273-822D-6F9AF748772E}.Debug|Any CPU.Build.0 = Debug|Any CPU
		{DDFCBBC2-4C31-4273-822D-6F9AF748772E}.Release|Any CPU.ActiveCfg = Release|Any CPU
		{DDFCBBC2-4C31-4273-822D-6F9AF748772E}.Release|Any CPU.Build.0 = Release|Any CPU
		{034CC938-2756-4AFE-9A53-919DAF423AB7}.Debug|Any CPU.ActiveCfg = Debug|Any CPU
		{034CC938-2756-4AFE-9A53-919DAF423AB7}.Debug|Any CPU.Build.0 = Debug|Any CPU
		{034CC938-2756-4AFE-9A53-919DAF423AB7}.Release|Any CPU.ActiveCfg = Release|Any CPU
		{034CC938-2756-4AFE-9A53-919DAF423AB7}.Release|Any CPU.Build.0 = Release|Any CPU
		{6E290A92-BAA3-4403-850C-C734FF4E854B}.Debug|Any CPU.ActiveCfg = Debug|Any CPU
		{6E290A92-BAA3-4403-850C-C734FF4E854B}.Debug|Any CPU.Build.0 = Debug|Any CPU
		{6E290A92-BAA3-4403-850C-C734FF4E854B}.Release|Any CPU.ActiveCfg = Release|Any CPU
		{6E290A92-BAA3-4403-850C-C734FF4E854B}.Release|Any CPU.Build.0 = Release|Any CPU
		{0667208F-44F5-4874-9BBC-F55DEB5BA177}.Debug|Any CPU.ActiveCfg = Debug|Any CPU
		{0667208F-44F5-4874-9BBC-F55DEB5BA177}.Debug|Any CPU.Build.0 = Debug|Any CPU
		{0667208F-44F5-4874-9BBC-F55DEB5BA177}.Release|Any CPU.ActiveCfg = Release|Any CPU
		{0667208F-44F5-4874-9BBC-F55DEB5BA177}.Release|Any CPU.Build.0 = Release|Any CPU
		{9B302C4F-A208-4E91-BB35-69F121332E4D}.Debug|Any CPU.ActiveCfg = Debug|Any CPU
		{9B302C4F-A208-4E91-BB35-69F121332E4D}.Debug|Any CPU.Build.0 = Debug|Any CPU
		{9B302C4F-A208-4E91-BB35-69F121332E4D}.Release|Any CPU.ActiveCfg = Release|Any CPU
		{9B302C4F-A208-4E91-BB35-69F121332E4D}.Release|Any CPU.Build.0 = Release|Any CPU
		{A1516D1D-A6C2-4884-927D-2F3DD562B14A}.Debug|Any CPU.ActiveCfg = Debug|Any CPU
		{A1516D1D-A6C2-4884-927D-2F3DD562B14A}.Debug|Any CPU.Build.0 = Debug|Any CPU
		{A1516D1D-A6C2-4884-927D-2F3DD562B14A}.Release|Any CPU.ActiveCfg = Release|Any CPU
		{A1516D1D-A6C2-4884-927D-2F3DD562B14A}.Release|Any CPU.Build.0 = Release|Any CPU
		{CB27AB19-1A55-42ED-98D7-682BC9C236FE}.Debug|Any CPU.ActiveCfg = Debug|Any CPU
		{CB27AB19-1A55-42ED-98D7-682BC9C236FE}.Debug|Any CPU.Build.0 = Debug|Any CPU
		{CB27AB19-1A55-42ED-98D7-682BC9C236FE}.Release|Any CPU.ActiveCfg = Release|Any CPU
		{CB27AB19-1A55-42ED-98D7-682BC9C236FE}.Release|Any CPU.Build.0 = Release|Any CPU
		{BEF556FE-1A07-4CAF-B099-D3CC1001A045}.Debug|Any CPU.ActiveCfg = Debug|Any CPU
		{BEF556FE-1A07-4CAF-B099-D3CC1001A045}.Debug|Any CPU.Build.0 = Debug|Any CPU
		{BEF556FE-1A07-4CAF-B099-D3CC1001A045}.Release|Any CPU.ActiveCfg = Release|Any CPU
		{BEF556FE-1A07-4CAF-B099-D3CC1001A045}.Release|Any CPU.Build.0 = Release|Any CPU
		{2C060DB8-F130-4A27-8A3C-6561BCD9CCC7}.Debug|Any CPU.ActiveCfg = Debug|Any CPU
		{2C060DB8-F130-4A27-8A3C-6561BCD9CCC7}.Debug|Any CPU.Build.0 = Debug|Any CPU
		{2C060DB8-F130-4A27-8A3C-6561BCD9CCC7}.Release|Any CPU.ActiveCfg = Release|Any CPU
		{2C060DB8-F130-4A27-8A3C-6561BCD9CCC7}.Release|Any CPU.Build.0 = Release|Any CPU
		{70BD376E-DA4E-492B-B445-F375561BB628}.Debug|Any CPU.ActiveCfg = Debug|Any CPU
		{70BD376E-DA4E-492B-B445-F375561BB628}.Debug|Any CPU.Build.0 = Debug|Any CPU
		{70BD376E-DA4E-492B-B445-F375561BB628}.Release|Any CPU.ActiveCfg = Release|Any CPU
		{70BD376E-DA4E-492B-B445-F375561BB628}.Release|Any CPU.Build.0 = Release|Any CPU
		{A6EC627A-C9AB-472B-BE53-96CC1A0AD9D6}.Debug|Any CPU.ActiveCfg = Debug|Any CPU
		{A6EC627A-C9AB-472B-BE53-96CC1A0AD9D6}.Debug|Any CPU.Build.0 = Debug|Any CPU
		{A6EC627A-C9AB-472B-BE53-96CC1A0AD9D6}.Release|Any CPU.ActiveCfg = Release|Any CPU
		{A6EC627A-C9AB-472B-BE53-96CC1A0AD9D6}.Release|Any CPU.Build.0 = Release|Any CPU
		{0D394AAE-D0ED-434A-AD1B-E66556EE5078}.Debug|Any CPU.ActiveCfg = Debug|Any CPU
		{0D394AAE-D0ED-434A-AD1B-E66556EE5078}.Debug|Any CPU.Build.0 = Debug|Any CPU
		{0D394AAE-D0ED-434A-AD1B-E66556EE5078}.Release|Any CPU.ActiveCfg = Release|Any CPU
		{0D394AAE-D0ED-434A-AD1B-E66556EE5078}.Release|Any CPU.Build.0 = Release|Any CPU
		{F94E8169-E390-4E67-818C-9B79D41F8220}.Debug|Any CPU.ActiveCfg = Debug|Any CPU
		{F94E8169-E390-4E67-818C-9B79D41F8220}.Debug|Any CPU.Build.0 = Debug|Any CPU
		{F94E8169-E390-4E67-818C-9B79D41F8220}.Release|Any CPU.ActiveCfg = Release|Any CPU
		{F94E8169-E390-4E67-818C-9B79D41F8220}.Release|Any CPU.Build.0 = Release|Any CPU
		{44CFF568-F483-47C8-BE9A-C036BF42766B}.Debug|Any CPU.ActiveCfg = Debug|Any CPU
		{44CFF568-F483-47C8-BE9A-C036BF42766B}.Debug|Any CPU.Build.0 = Debug|Any CPU
		{44CFF568-F483-47C8-BE9A-C036BF42766B}.Release|Any CPU.ActiveCfg = Release|Any CPU
		{44CFF568-F483-47C8-BE9A-C036BF42766B}.Release|Any CPU.Build.0 = Release|Any CPU
		{611CD28F-8CE0-4993-8391-8487846B75D2}.Debug|Any CPU.ActiveCfg = Debug|Any CPU
		{611CD28F-8CE0-4993-8391-8487846B75D2}.Debug|Any CPU.Build.0 = Debug|Any CPU
		{611CD28F-8CE0-4993-8391-8487846B75D2}.Release|Any CPU.ActiveCfg = Release|Any CPU
		{611CD28F-8CE0-4993-8391-8487846B75D2}.Release|Any CPU.Build.0 = Release|Any CPU
		{455994C3-3EFA-4FAF-8E12-5A8B3DCE14D3}.Debug|Any CPU.ActiveCfg = Debug|Any CPU
		{455994C3-3EFA-4FAF-8E12-5A8B3DCE14D3}.Debug|Any CPU.Build.0 = Debug|Any CPU
		{455994C3-3EFA-4FAF-8E12-5A8B3DCE14D3}.Release|Any CPU.ActiveCfg = Release|Any CPU
		{455994C3-3EFA-4FAF-8E12-5A8B3DCE14D3}.Release|Any CPU.Build.0 = Release|Any CPU
		{94053B5C-6201-4D43-A90A-C992455282E9}.Debug|Any CPU.ActiveCfg = Debug|Any CPU
		{94053B5C-6201-4D43-A90A-C992455282E9}.Debug|Any CPU.Build.0 = Debug|Any CPU
		{94053B5C-6201-4D43-A90A-C992455282E9}.Release|Any CPU.ActiveCfg = Release|Any CPU
		{94053B5C-6201-4D43-A90A-C992455282E9}.Release|Any CPU.Build.0 = Release|Any CPU
		{26AF5F4F-A797-491F-8D53-E1322AF7C8E9}.Debug|Any CPU.ActiveCfg = Debug|Any CPU
		{26AF5F4F-A797-491F-8D53-E1322AF7C8E9}.Debug|Any CPU.Build.0 = Debug|Any CPU
		{26AF5F4F-A797-491F-8D53-E1322AF7C8E9}.Release|Any CPU.ActiveCfg = Release|Any CPU
		{26AF5F4F-A797-491F-8D53-E1322AF7C8E9}.Release|Any CPU.Build.0 = Release|Any CPU
		{8FEE2F7D-BF82-4BA6-BEB8-5A489B39DA58}.Debug|Any CPU.ActiveCfg = Debug|Any CPU
		{8FEE2F7D-BF82-4BA6-BEB8-5A489B39DA58}.Debug|Any CPU.Build.0 = Debug|Any CPU
		{8FEE2F7D-BF82-4BA6-BEB8-5A489B39DA58}.Release|Any CPU.ActiveCfg = Release|Any CPU
		{8FEE2F7D-BF82-4BA6-BEB8-5A489B39DA58}.Release|Any CPU.Build.0 = Release|Any CPU
		{0772437F-A71A-4E6D-82C7-2E3DBE392CDD}.Debug|Any CPU.ActiveCfg = Debug|Any CPU
		{0772437F-A71A-4E6D-82C7-2E3DBE392CDD}.Debug|Any CPU.Build.0 = Debug|Any CPU
		{0772437F-A71A-4E6D-82C7-2E3DBE392CDD}.Release|Any CPU.ActiveCfg = Release|Any CPU
		{0772437F-A71A-4E6D-82C7-2E3DBE392CDD}.Release|Any CPU.Build.0 = Release|Any CPU
		{4E47D3E8-189B-43F0-8B67-CC2D509A514E}.Debug|Any CPU.ActiveCfg = Debug|Any CPU
		{4E47D3E8-189B-43F0-8B67-CC2D509A514E}.Debug|Any CPU.Build.0 = Debug|Any CPU
		{4E47D3E8-189B-43F0-8B67-CC2D509A514E}.Release|Any CPU.ActiveCfg = Release|Any CPU
		{4E47D3E8-189B-43F0-8B67-CC2D509A514E}.Release|Any CPU.Build.0 = Release|Any CPU
		{D8F028BB-E181-43EB-82B8-6056A7B8C211}.Debug|Any CPU.ActiveCfg = Debug|Any CPU
		{D8F028BB-E181-43EB-82B8-6056A7B8C211}.Debug|Any CPU.Build.0 = Debug|Any CPU
		{D8F028BB-E181-43EB-82B8-6056A7B8C211}.Release|Any CPU.ActiveCfg = Release|Any CPU
		{D8F028BB-E181-43EB-82B8-6056A7B8C211}.Release|Any CPU.Build.0 = Release|Any CPU
		{D0A04FD4-998A-4CC6-AB52-A0D48206316B}.Debug|Any CPU.ActiveCfg = Debug|Any CPU
		{D0A04FD4-998A-4CC6-AB52-A0D48206316B}.Debug|Any CPU.Build.0 = Debug|Any CPU
		{D0A04FD4-998A-4CC6-AB52-A0D48206316B}.Release|Any CPU.ActiveCfg = Release|Any CPU
		{D0A04FD4-998A-4CC6-AB52-A0D48206316B}.Release|Any CPU.Build.0 = Release|Any CPU
		{D3F0F705-B554-481C-BFAF-26965FA5DD4A}.Debug|Any CPU.ActiveCfg = Debug|Any CPU
		{D3F0F705-B554-481C-BFAF-26965FA5DD4A}.Debug|Any CPU.Build.0 = Debug|Any CPU
		{D3F0F705-B554-481C-BFAF-26965FA5DD4A}.Release|Any CPU.ActiveCfg = Release|Any CPU
		{D3F0F705-B554-481C-BFAF-26965FA5DD4A}.Release|Any CPU.Build.0 = Release|Any CPU
		{EF384E9A-CBA5-4C7F-A219-33BB7531F791}.Debug|Any CPU.ActiveCfg = Debug|Any CPU
		{EF384E9A-CBA5-4C7F-A219-33BB7531F791}.Debug|Any CPU.Build.0 = Debug|Any CPU
		{EF384E9A-CBA5-4C7F-A219-33BB7531F791}.Release|Any CPU.ActiveCfg = Release|Any CPU
		{EF384E9A-CBA5-4C7F-A219-33BB7531F791}.Release|Any CPU.Build.0 = Release|Any CPU
		{D03E9B1A-3AA0-4D0D-8F55-0C16088D30C6}.Debug|Any CPU.ActiveCfg = Debug|Any CPU
		{D03E9B1A-3AA0-4D0D-8F55-0C16088D30C6}.Debug|Any CPU.Build.0 = Debug|Any CPU
		{D03E9B1A-3AA0-4D0D-8F55-0C16088D30C6}.Release|Any CPU.ActiveCfg = Release|Any CPU
		{D03E9B1A-3AA0-4D0D-8F55-0C16088D30C6}.Release|Any CPU.Build.0 = Release|Any CPU
		{3D2DC183-2D14-4D21-AEE4-068B0F32B206}.Debug|Any CPU.ActiveCfg = Debug|Any CPU
		{3D2DC183-2D14-4D21-AEE4-068B0F32B206}.Debug|Any CPU.Build.0 = Debug|Any CPU
		{3D2DC183-2D14-4D21-AEE4-068B0F32B206}.Release|Any CPU.ActiveCfg = Release|Any CPU
		{3D2DC183-2D14-4D21-AEE4-068B0F32B206}.Release|Any CPU.Build.0 = Release|Any CPU
		{183AC436-9693-4FE0-A841-955A013E6469}.Debug|Any CPU.ActiveCfg = Debug|Any CPU
		{183AC436-9693-4FE0-A841-955A013E6469}.Debug|Any CPU.Build.0 = Debug|Any CPU
		{183AC436-9693-4FE0-A841-955A013E6469}.Release|Any CPU.ActiveCfg = Release|Any CPU
		{183AC436-9693-4FE0-A841-955A013E6469}.Release|Any CPU.Build.0 = Release|Any CPU
		{E862F27E-D371-482D-AB34-C07A4470E5FB}.Debug|Any CPU.ActiveCfg = Debug|Any CPU
		{E862F27E-D371-482D-AB34-C07A4470E5FB}.Debug|Any CPU.Build.0 = Debug|Any CPU
		{E862F27E-D371-482D-AB34-C07A4470E5FB}.Release|Any CPU.ActiveCfg = Release|Any CPU
		{E862F27E-D371-482D-AB34-C07A4470E5FB}.Release|Any CPU.Build.0 = Release|Any CPU
		{A2444EC3-62CD-4C4B-856D-7A749E7C6500}.Debug|Any CPU.ActiveCfg = Debug|Any CPU
		{A2444EC3-62CD-4C4B-856D-7A749E7C6500}.Debug|Any CPU.Build.0 = Debug|Any CPU
		{A2444EC3-62CD-4C4B-856D-7A749E7C6500}.Release|Any CPU.ActiveCfg = Release|Any CPU
		{A2444EC3-62CD-4C4B-856D-7A749E7C6500}.Release|Any CPU.Build.0 = Release|Any CPU
		{A7221B19-FC20-42D9-93A7-BF97EED13D59}.Debug|Any CPU.ActiveCfg = Debug|Any CPU
		{A7221B19-FC20-42D9-93A7-BF97EED13D59}.Debug|Any CPU.Build.0 = Debug|Any CPU
		{A7221B19-FC20-42D9-93A7-BF97EED13D59}.Release|Any CPU.ActiveCfg = Release|Any CPU
		{A7221B19-FC20-42D9-93A7-BF97EED13D59}.Release|Any CPU.Build.0 = Release|Any CPU
		{3A800736-14EC-424B-9239-0A54F9F7D141}.Debug|Any CPU.ActiveCfg = Debug|Any CPU
		{3A800736-14EC-424B-9239-0A54F9F7D141}.Debug|Any CPU.Build.0 = Debug|Any CPU
		{3A800736-14EC-424B-9239-0A54F9F7D141}.Release|Any CPU.ActiveCfg = Release|Any CPU
		{3A800736-14EC-424B-9239-0A54F9F7D141}.Release|Any CPU.Build.0 = Release|Any CPU
		{9E1A95DD-DBA1-40AD-B392-34BB73F2EF14}.Debug|Any CPU.ActiveCfg = Debug|Any CPU
		{9E1A95DD-DBA1-40AD-B392-34BB73F2EF14}.Debug|Any CPU.Build.0 = Debug|Any CPU
		{9E1A95DD-DBA1-40AD-B392-34BB73F2EF14}.Release|Any CPU.ActiveCfg = Release|Any CPU
		{9E1A95DD-DBA1-40AD-B392-34BB73F2EF14}.Release|Any CPU.Build.0 = Release|Any CPU
		{E1783F27-4409-4F28-8EDE-129FBC5A9828}.Debug|Any CPU.ActiveCfg = Debug|Any CPU
		{E1783F27-4409-4F28-8EDE-129FBC5A9828}.Debug|Any CPU.Build.0 = Debug|Any CPU
		{E1783F27-4409-4F28-8EDE-129FBC5A9828}.Release|Any CPU.ActiveCfg = Release|Any CPU
		{E1783F27-4409-4F28-8EDE-129FBC5A9828}.Release|Any CPU.Build.0 = Release|Any CPU
		{CDC1204C-70F3-4A2D-B79A-E52E6811F9ED}.Debug|Any CPU.ActiveCfg = Debug|Any CPU
		{CDC1204C-70F3-4A2D-B79A-E52E6811F9ED}.Debug|Any CPU.Build.0 = Debug|Any CPU
		{CDC1204C-70F3-4A2D-B79A-E52E6811F9ED}.Release|Any CPU.ActiveCfg = Release|Any CPU
		{CDC1204C-70F3-4A2D-B79A-E52E6811F9ED}.Release|Any CPU.Build.0 = Release|Any CPU
		{2BB7BFAE-338A-476D-9342-7EF8C4AF8E0D}.Debug|Any CPU.ActiveCfg = Debug|Any CPU
		{2BB7BFAE-338A-476D-9342-7EF8C4AF8E0D}.Debug|Any CPU.Build.0 = Debug|Any CPU
		{2BB7BFAE-338A-476D-9342-7EF8C4AF8E0D}.Release|Any CPU.ActiveCfg = Release|Any CPU
		{2BB7BFAE-338A-476D-9342-7EF8C4AF8E0D}.Release|Any CPU.Build.0 = Release|Any CPU
		{9746F81F-431D-4393-8A7C-2150214C960C}.Debug|Any CPU.ActiveCfg = Debug|Any CPU
		{9746F81F-431D-4393-8A7C-2150214C960C}.Debug|Any CPU.Build.0 = Debug|Any CPU
		{9746F81F-431D-4393-8A7C-2150214C960C}.Release|Any CPU.ActiveCfg = Release|Any CPU
		{9746F81F-431D-4393-8A7C-2150214C960C}.Release|Any CPU.Build.0 = Release|Any CPU
		{584BFAEF-F879-4550-82B2-2C54CE5DA681}.Debug|Any CPU.ActiveCfg = Debug|Any CPU
		{584BFAEF-F879-4550-82B2-2C54CE5DA681}.Debug|Any CPU.Build.0 = Debug|Any CPU
		{584BFAEF-F879-4550-82B2-2C54CE5DA681}.Release|Any CPU.ActiveCfg = Release|Any CPU
		{584BFAEF-F879-4550-82B2-2C54CE5DA681}.Release|Any CPU.Build.0 = Release|Any CPU
		{1D738E61-C7F6-47ED-A85A-97A27F9A8EF0}.Debug|Any CPU.ActiveCfg = Debug|Any CPU
		{1D738E61-C7F6-47ED-A85A-97A27F9A8EF0}.Debug|Any CPU.Build.0 = Debug|Any CPU
		{1D738E61-C7F6-47ED-A85A-97A27F9A8EF0}.Release|Any CPU.ActiveCfg = Release|Any CPU
		{1D738E61-C7F6-47ED-A85A-97A27F9A8EF0}.Release|Any CPU.Build.0 = Release|Any CPU
		{C145884F-6D8B-4D51-91BB-CB02D4B7C43A}.Debug|Any CPU.ActiveCfg = Debug|Any CPU
		{C145884F-6D8B-4D51-91BB-CB02D4B7C43A}.Debug|Any CPU.Build.0 = Debug|Any CPU
		{C145884F-6D8B-4D51-91BB-CB02D4B7C43A}.Release|Any CPU.ActiveCfg = Release|Any CPU
		{C145884F-6D8B-4D51-91BB-CB02D4B7C43A}.Release|Any CPU.Build.0 = Release|Any CPU
		{81BB8EC4-096B-43D7-B844-1C548C752E58}.Debug|Any CPU.ActiveCfg = Debug|Any CPU
		{81BB8EC4-096B-43D7-B844-1C548C752E58}.Debug|Any CPU.Build.0 = Debug|Any CPU
		{81BB8EC4-096B-43D7-B844-1C548C752E58}.Release|Any CPU.ActiveCfg = Release|Any CPU
		{81BB8EC4-096B-43D7-B844-1C548C752E58}.Release|Any CPU.Build.0 = Release|Any CPU
		{DB5C8A10-DC2C-4C3F-B121-8B14592E53A2}.Debug|Any CPU.ActiveCfg = Debug|Any CPU
		{DB5C8A10-DC2C-4C3F-B121-8B14592E53A2}.Debug|Any CPU.Build.0 = Debug|Any CPU
		{DB5C8A10-DC2C-4C3F-B121-8B14592E53A2}.Release|Any CPU.ActiveCfg = Release|Any CPU
		{DB5C8A10-DC2C-4C3F-B121-8B14592E53A2}.Release|Any CPU.Build.0 = Release|Any CPU
		{411A74C0-6B23-4006-AB71-E8F900E7128C}.Debug|Any CPU.ActiveCfg = Debug|Any CPU
		{411A74C0-6B23-4006-AB71-E8F900E7128C}.Debug|Any CPU.Build.0 = Debug|Any CPU
		{411A74C0-6B23-4006-AB71-E8F900E7128C}.Release|Any CPU.ActiveCfg = Release|Any CPU
		{411A74C0-6B23-4006-AB71-E8F900E7128C}.Release|Any CPU.Build.0 = Release|Any CPU
		{6914267D-BDB0-4D09-B4E3-C95850ADB397}.Debug|Any CPU.ActiveCfg = Debug|Any CPU
		{6914267D-BDB0-4D09-B4E3-C95850ADB397}.Debug|Any CPU.Build.0 = Debug|Any CPU
		{6914267D-BDB0-4D09-B4E3-C95850ADB397}.Release|Any CPU.ActiveCfg = Release|Any CPU
		{6914267D-BDB0-4D09-B4E3-C95850ADB397}.Release|Any CPU.Build.0 = Release|Any CPU
		{E3DDB201-4249-41F6-A669-36E3E731948D}.Debug|Any CPU.ActiveCfg = Debug|Any CPU
		{E3DDB201-4249-41F6-A669-36E3E731948D}.Debug|Any CPU.Build.0 = Debug|Any CPU
		{E3DDB201-4249-41F6-A669-36E3E731948D}.Release|Any CPU.ActiveCfg = Release|Any CPU
		{E3DDB201-4249-41F6-A669-36E3E731948D}.Release|Any CPU.Build.0 = Release|Any CPU
		{3DC61462-77E9-4C29-9FED-A7E58D858931}.Debug|Any CPU.ActiveCfg = Debug|Any CPU
		{3DC61462-77E9-4C29-9FED-A7E58D858931}.Debug|Any CPU.Build.0 = Debug|Any CPU
		{3DC61462-77E9-4C29-9FED-A7E58D858931}.Release|Any CPU.ActiveCfg = Release|Any CPU
		{3DC61462-77E9-4C29-9FED-A7E58D858931}.Release|Any CPU.Build.0 = Release|Any CPU
		{9E2ADB56-1723-48AF-9A1F-19C97D6307FE}.Debug|Any CPU.ActiveCfg = Debug|Any CPU
		{9E2ADB56-1723-48AF-9A1F-19C97D6307FE}.Debug|Any CPU.Build.0 = Debug|Any CPU
		{9E2ADB56-1723-48AF-9A1F-19C97D6307FE}.Release|Any CPU.ActiveCfg = Release|Any CPU
		{9E2ADB56-1723-48AF-9A1F-19C97D6307FE}.Release|Any CPU.Build.0 = Release|Any CPU
		{2298528B-3900-46CC-B2AB-D90E76CA1ABB}.Debug|Any CPU.ActiveCfg = Debug|Any CPU
		{2298528B-3900-46CC-B2AB-D90E76CA1ABB}.Debug|Any CPU.Build.0 = Debug|Any CPU
		{2298528B-3900-46CC-B2AB-D90E76CA1ABB}.Release|Any CPU.ActiveCfg = Release|Any CPU
		{2298528B-3900-46CC-B2AB-D90E76CA1ABB}.Release|Any CPU.Build.0 = Release|Any CPU
		{2364297A-39E9-4598-9361-25A275E70638}.Debug|Any CPU.ActiveCfg = Debug|Any CPU
		{2364297A-39E9-4598-9361-25A275E70638}.Debug|Any CPU.Build.0 = Debug|Any CPU
		{2364297A-39E9-4598-9361-25A275E70638}.Release|Any CPU.ActiveCfg = Release|Any CPU
		{2364297A-39E9-4598-9361-25A275E70638}.Release|Any CPU.Build.0 = Release|Any CPU
		{4BEA3669-24E0-4927-9AD3-93606D3AA622}.Debug|Any CPU.ActiveCfg = Debug|Any CPU
		{4BEA3669-24E0-4927-9AD3-93606D3AA622}.Debug|Any CPU.Build.0 = Debug|Any CPU
		{4BEA3669-24E0-4927-9AD3-93606D3AA622}.Release|Any CPU.ActiveCfg = Release|Any CPU
		{4BEA3669-24E0-4927-9AD3-93606D3AA622}.Release|Any CPU.Build.0 = Release|Any CPU
		{E79EA769-B150-47A5-BAD3-8A609E86E1A6}.Debug|Any CPU.ActiveCfg = Debug|Any CPU
		{E79EA769-B150-47A5-BAD3-8A609E86E1A6}.Debug|Any CPU.Build.0 = Debug|Any CPU
		{E79EA769-B150-47A5-BAD3-8A609E86E1A6}.Release|Any CPU.ActiveCfg = Release|Any CPU
		{E79EA769-B150-47A5-BAD3-8A609E86E1A6}.Release|Any CPU.Build.0 = Release|Any CPU
		{BFCB0235-6A80-4626-83EF-C21390ED20BE}.Debug|Any CPU.ActiveCfg = Debug|Any CPU
		{BFCB0235-6A80-4626-83EF-C21390ED20BE}.Debug|Any CPU.Build.0 = Debug|Any CPU
		{BFCB0235-6A80-4626-83EF-C21390ED20BE}.Release|Any CPU.ActiveCfg = Release|Any CPU
		{BFCB0235-6A80-4626-83EF-C21390ED20BE}.Release|Any CPU.Build.0 = Release|Any CPU
		{FB3C3732-E326-4E61-AE76-6DB0A95B8537}.Debug|Any CPU.ActiveCfg = Debug|Any CPU
		{FB3C3732-E326-4E61-AE76-6DB0A95B8537}.Debug|Any CPU.Build.0 = Debug|Any CPU
		{FB3C3732-E326-4E61-AE76-6DB0A95B8537}.Release|Any CPU.ActiveCfg = Release|Any CPU
		{FB3C3732-E326-4E61-AE76-6DB0A95B8537}.Release|Any CPU.Build.0 = Release|Any CPU
		{6EA11974-D2D8-4605-9C76-A4854E8A6E3E}.Debug|Any CPU.ActiveCfg = Debug|Any CPU
		{6EA11974-D2D8-4605-9C76-A4854E8A6E3E}.Debug|Any CPU.Build.0 = Debug|Any CPU
		{6EA11974-D2D8-4605-9C76-A4854E8A6E3E}.Release|Any CPU.ActiveCfg = Release|Any CPU
		{6EA11974-D2D8-4605-9C76-A4854E8A6E3E}.Release|Any CPU.Build.0 = Release|Any CPU
		{0D2B3293-A095-4FCC-AF36-FEC7A35FD505}.Debug|Any CPU.ActiveCfg = Debug|Any CPU
		{0D2B3293-A095-4FCC-AF36-FEC7A35FD505}.Debug|Any CPU.Build.0 = Debug|Any CPU
		{0D2B3293-A095-4FCC-AF36-FEC7A35FD505}.Release|Any CPU.ActiveCfg = Release|Any CPU
		{0D2B3293-A095-4FCC-AF36-FEC7A35FD505}.Release|Any CPU.Build.0 = Release|Any CPU
		{CD5AA66F-5E16-48D6-B212-59E1B5B45533}.Debug|Any CPU.ActiveCfg = Debug|Any CPU
		{CD5AA66F-5E16-48D6-B212-59E1B5B45533}.Debug|Any CPU.Build.0 = Debug|Any CPU
		{CD5AA66F-5E16-48D6-B212-59E1B5B45533}.Release|Any CPU.ActiveCfg = Release|Any CPU
		{CD5AA66F-5E16-48D6-B212-59E1B5B45533}.Release|Any CPU.Build.0 = Release|Any CPU
		{E04B1794-EC82-46AE-AD39-3374C5D5E17D}.Debug|Any CPU.ActiveCfg = Debug|Any CPU
		{E04B1794-EC82-46AE-AD39-3374C5D5E17D}.Debug|Any CPU.Build.0 = Debug|Any CPU
		{E04B1794-EC82-46AE-AD39-3374C5D5E17D}.Release|Any CPU.ActiveCfg = Release|Any CPU
		{E04B1794-EC82-46AE-AD39-3374C5D5E17D}.Release|Any CPU.Build.0 = Release|Any CPU
		{DFA70CA6-2398-49E4-A546-6207E2FF1265}.Debug|Any CPU.ActiveCfg = Debug|Any CPU
		{DFA70CA6-2398-49E4-A546-6207E2FF1265}.Debug|Any CPU.Build.0 = Debug|Any CPU
		{DFA70CA6-2398-49E4-A546-6207E2FF1265}.Release|Any CPU.ActiveCfg = Release|Any CPU
		{DFA70CA6-2398-49E4-A546-6207E2FF1265}.Release|Any CPU.Build.0 = Release|Any CPU
		{3497399A-DF34-48A4-AADD-57D800D1477C}.Debug|Any CPU.ActiveCfg = Debug|Any CPU
		{3497399A-DF34-48A4-AADD-57D800D1477C}.Debug|Any CPU.Build.0 = Debug|Any CPU
		{3497399A-DF34-48A4-AADD-57D800D1477C}.Release|Any CPU.ActiveCfg = Release|Any CPU
		{3497399A-DF34-48A4-AADD-57D800D1477C}.Release|Any CPU.Build.0 = Release|Any CPU
		{F7D7B05F-8940-455A-BC23-E3CF2AB94EB0}.Debug|Any CPU.ActiveCfg = Debug|Any CPU
		{F7D7B05F-8940-455A-BC23-E3CF2AB94EB0}.Debug|Any CPU.Build.0 = Debug|Any CPU
		{F7D7B05F-8940-455A-BC23-E3CF2AB94EB0}.Release|Any CPU.ActiveCfg = Release|Any CPU
		{F7D7B05F-8940-455A-BC23-E3CF2AB94EB0}.Release|Any CPU.Build.0 = Release|Any CPU
		{711D3615-34C2-40FA-A540-8CE6EB0F7A6E}.Debug|Any CPU.ActiveCfg = Debug|Any CPU
		{711D3615-34C2-40FA-A540-8CE6EB0F7A6E}.Debug|Any CPU.Build.0 = Debug|Any CPU
		{711D3615-34C2-40FA-A540-8CE6EB0F7A6E}.Release|Any CPU.ActiveCfg = Release|Any CPU
		{711D3615-34C2-40FA-A540-8CE6EB0F7A6E}.Release|Any CPU.Build.0 = Release|Any CPU
		{3A7EC685-05DF-478A-9130-265FC7E180D3}.Debug|Any CPU.ActiveCfg = Debug|Any CPU
		{3A7EC685-05DF-478A-9130-265FC7E180D3}.Debug|Any CPU.Build.0 = Debug|Any CPU
		{3A7EC685-05DF-478A-9130-265FC7E180D3}.Release|Any CPU.ActiveCfg = Release|Any CPU
		{3A7EC685-05DF-478A-9130-265FC7E180D3}.Release|Any CPU.Build.0 = Release|Any CPU
		{850998AA-75E1-427D-83E7-B8233147B033}.Debug|Any CPU.ActiveCfg = Debug|Any CPU
		{850998AA-75E1-427D-83E7-B8233147B033}.Debug|Any CPU.Build.0 = Debug|Any CPU
		{850998AA-75E1-427D-83E7-B8233147B033}.Release|Any CPU.ActiveCfg = Release|Any CPU
		{850998AA-75E1-427D-83E7-B8233147B033}.Release|Any CPU.Build.0 = Release|Any CPU
		{2039E1E0-BF20-437F-8CB3-96A1A3C01A8E}.Debug|Any CPU.ActiveCfg = Debug|Any CPU
		{2039E1E0-BF20-437F-8CB3-96A1A3C01A8E}.Debug|Any CPU.Build.0 = Debug|Any CPU
		{2039E1E0-BF20-437F-8CB3-96A1A3C01A8E}.Release|Any CPU.ActiveCfg = Release|Any CPU
		{2039E1E0-BF20-437F-8CB3-96A1A3C01A8E}.Release|Any CPU.Build.0 = Release|Any CPU
		{A93C9525-F440-468F-B7BC-AD229279D423}.Debug|Any CPU.ActiveCfg = Debug|Any CPU
		{A93C9525-F440-468F-B7BC-AD229279D423}.Debug|Any CPU.Build.0 = Debug|Any CPU
		{A93C9525-F440-468F-B7BC-AD229279D423}.Release|Any CPU.ActiveCfg = Release|Any CPU
		{A93C9525-F440-468F-B7BC-AD229279D423}.Release|Any CPU.Build.0 = Release|Any CPU
		{79D4B2AA-60B9-4AD3-88F0-7475AE47DFBA}.Debug|Any CPU.ActiveCfg = Debug|Any CPU
		{79D4B2AA-60B9-4AD3-88F0-7475AE47DFBA}.Debug|Any CPU.Build.0 = Debug|Any CPU
		{79D4B2AA-60B9-4AD3-88F0-7475AE47DFBA}.Release|Any CPU.ActiveCfg = Release|Any CPU
		{79D4B2AA-60B9-4AD3-88F0-7475AE47DFBA}.Release|Any CPU.Build.0 = Release|Any CPU
		{35491B87-DFE2-4BE3-A64E-917441493BE0}.Debug|Any CPU.ActiveCfg = Debug|Any CPU
		{35491B87-DFE2-4BE3-A64E-917441493BE0}.Debug|Any CPU.Build.0 = Debug|Any CPU
		{35491B87-DFE2-4BE3-A64E-917441493BE0}.Release|Any CPU.ActiveCfg = Release|Any CPU
		{35491B87-DFE2-4BE3-A64E-917441493BE0}.Release|Any CPU.Build.0 = Release|Any CPU
		{39D616B8-2A14-49F2-B2A3-E434851CF302}.Debug|Any CPU.ActiveCfg = Debug|Any CPU
		{39D616B8-2A14-49F2-B2A3-E434851CF302}.Debug|Any CPU.Build.0 = Debug|Any CPU
		{39D616B8-2A14-49F2-B2A3-E434851CF302}.Release|Any CPU.ActiveCfg = Release|Any CPU
		{39D616B8-2A14-49F2-B2A3-E434851CF302}.Release|Any CPU.Build.0 = Release|Any CPU
		{B88CC652-4829-4CD6-908E-21331C11AC1C}.Debug|Any CPU.ActiveCfg = Debug|Any CPU
		{B88CC652-4829-4CD6-908E-21331C11AC1C}.Debug|Any CPU.Build.0 = Debug|Any CPU
		{B88CC652-4829-4CD6-908E-21331C11AC1C}.Release|Any CPU.ActiveCfg = Release|Any CPU
		{B88CC652-4829-4CD6-908E-21331C11AC1C}.Release|Any CPU.Build.0 = Release|Any CPU
		{DC74E553-3D71-41B3-AF4C-597DB3C1D278}.Debug|Any CPU.ActiveCfg = Debug|Any CPU
		{DC74E553-3D71-41B3-AF4C-597DB3C1D278}.Debug|Any CPU.Build.0 = Debug|Any CPU
		{DC74E553-3D71-41B3-AF4C-597DB3C1D278}.Release|Any CPU.ActiveCfg = Release|Any CPU
		{DC74E553-3D71-41B3-AF4C-597DB3C1D278}.Release|Any CPU.Build.0 = Release|Any CPU
		{5465FEBD-81E3-417C-8AEE-71E3E814AFDA}.Debug|Any CPU.ActiveCfg = Debug|Any CPU
		{5465FEBD-81E3-417C-8AEE-71E3E814AFDA}.Debug|Any CPU.Build.0 = Debug|Any CPU
		{5465FEBD-81E3-417C-8AEE-71E3E814AFDA}.Release|Any CPU.ActiveCfg = Release|Any CPU
		{5465FEBD-81E3-417C-8AEE-71E3E814AFDA}.Release|Any CPU.Build.0 = Release|Any CPU
		{01B56FF4-7C0B-4616-A655-D340F4A21448}.Debug|Any CPU.ActiveCfg = Debug|Any CPU
		{01B56FF4-7C0B-4616-A655-D340F4A21448}.Debug|Any CPU.Build.0 = Debug|Any CPU
		{01B56FF4-7C0B-4616-A655-D340F4A21448}.Release|Any CPU.ActiveCfg = Release|Any CPU
		{01B56FF4-7C0B-4616-A655-D340F4A21448}.Release|Any CPU.Build.0 = Release|Any CPU
		{64266AFA-E52A-4CE9-8340-0333BD88B75B}.Debug|Any CPU.ActiveCfg = Debug|Any CPU
		{64266AFA-E52A-4CE9-8340-0333BD88B75B}.Debug|Any CPU.Build.0 = Debug|Any CPU
		{64266AFA-E52A-4CE9-8340-0333BD88B75B}.Release|Any CPU.ActiveCfg = Release|Any CPU
		{64266AFA-E52A-4CE9-8340-0333BD88B75B}.Release|Any CPU.Build.0 = Release|Any CPU
		{B6CF5541-AF2E-45FF-8F87-21A385B4B914}.Debug|Any CPU.ActiveCfg = Debug|Any CPU
		{B6CF5541-AF2E-45FF-8F87-21A385B4B914}.Debug|Any CPU.Build.0 = Debug|Any CPU
		{B6CF5541-AF2E-45FF-8F87-21A385B4B914}.Release|Any CPU.ActiveCfg = Release|Any CPU
		{B6CF5541-AF2E-45FF-8F87-21A385B4B914}.Release|Any CPU.Build.0 = Release|Any CPU
	EndGlobalSection
	GlobalSection(SolutionProperties) = preSolution
		HideSolutionNode = FALSE
	EndGlobalSection
	GlobalSection(ExtensibilityGlobals) = postSolution
		SolutionGuid = {BA6F28DB-59B3-4ACD-A64C-814133BEBC1F}
	EndGlobalSection
EndGlobal
